
Microsoft Visual Studio Solution File, Format Version 12.00
# Visual Studio Version 16
VisualStudioVersion = 16.0.30907.101
MinimumVisualStudioVersion = 10.0.40219.1
Project("{2150E333-8FDC-42A3-9474-1A3956D46DE8}") = "EntityFrameworkCore", "EntityFrameworkCore", "{FF7A72A8-A0FE-4C7F-B938-EEE905198229}"
EndProject
Project("{2150E333-8FDC-42A3-9474-1A3956D46DE8}") = "tests", "tests", "{BE75D9BC-F87E-4FCB-B084-DB815DDA8694}"
EndProject
Project("{9A19103F-16F7-4668-BE54-9A1E7A4F7556}") = "EntityFrameworkCore.Tests", "EntityFrameworkCore.Tests\EntityFrameworkCore.Tests.csproj", "{C6513585-A46E-4621-B26C-CAAB17A52FED}"
EndProject
Project("{9A19103F-16F7-4668-BE54-9A1E7A4F7556}") = "EntityFrameworkCore.Tests.Pg", "EntityFrameworkCore.Tests.Pg\EntityFrameworkCore.Tests.Pg.csproj", "{8565DB65-BA9D-48B9-BCD3-324DA54A4112}"
EndProject
Project("{9A19103F-16F7-4668-BE54-9A1E7A4F7556}") = "EntityFrameworkCore.Generator", "EntityFrameworkCore.Generator\EntityFrameworkCore.Generator.csproj", "{2EA585DB-201C-4065-A2CA-8AEAA9741635}"
EndProject
Project("{FAE04EC0-301F-11D3-BF4B-00C04F79EFBC}") = "EntityFrameworkCore.Generator.ReferenceResult", "EntityFrameworkCore.Generator.ReferenceResult\EntityFrameworkCore.Generator.ReferenceResult.csproj", "{7BE813C8-7238-48EB-A1E2-0AC4E5D7EE1C}"
EndProject
Global
	GlobalSection(SolutionConfigurationPlatforms) = preSolution
		Debug|Any CPU = Debug|Any CPU
		Release|Any CPU = Release|Any CPU
	EndGlobalSection
	GlobalSection(ProjectConfigurationPlatforms) = postSolution
		{C6513585-A46E-4621-B26C-CAAB17A52FED}.Debug|Any CPU.ActiveCfg = Debug|Any CPU
		{C6513585-A46E-4621-B26C-CAAB17A52FED}.Debug|Any CPU.Build.0 = Debug|Any CPU
		{C6513585-A46E-4621-B26C-CAAB17A52FED}.Release|Any CPU.ActiveCfg = Release|Any CPU
		{C6513585-A46E-4621-B26C-CAAB17A52FED}.Release|Any CPU.Build.0 = Release|Any CPU
		{8565DB65-BA9D-48B9-BCD3-324DA54A4112}.Debug|Any CPU.ActiveCfg = Debug|Any CPU
		{8565DB65-BA9D-48B9-BCD3-324DA54A4112}.Debug|Any CPU.Build.0 = Debug|Any CPU
		{8565DB65-BA9D-48B9-BCD3-324DA54A4112}.Release|Any CPU.ActiveCfg = Release|Any CPU
		{8565DB65-BA9D-48B9-BCD3-324DA54A4112}.Release|Any CPU.Build.0 = Release|Any CPU
		{2EA585DB-201C-4065-A2CA-8AEAA9741635}.Debug|Any CPU.ActiveCfg = Debug|Any CPU
		{2EA585DB-201C-4065-A2CA-8AEAA9741635}.Debug|Any CPU.Build.0 = Debug|Any CPU
		{2EA585DB-201C-4065-A2CA-8AEAA9741635}.Release|Any CPU.ActiveCfg = Release|Any CPU
		{2EA585DB-201C-4065-A2CA-8AEAA9741635}.Release|Any CPU.Build.0 = Release|Any CPU
		{7BE813C8-7238-48EB-A1E2-0AC4E5D7EE1C}.Debug|Any CPU.ActiveCfg = Debug|Any CPU
		{7BE813C8-7238-48EB-A1E2-0AC4E5D7EE1C}.Debug|Any CPU.Build.0 = Debug|Any CPU
		{7BE813C8-7238-48EB-A1E2-0AC4E5D7EE1C}.Release|Any CPU.ActiveCfg = Release|Any CPU
		{7BE813C8-7238-48EB-A1E2-0AC4E5D7EE1C}.Release|Any CPU.Build.0 = Release|Any CPU
	EndGlobalSection
	GlobalSection(SolutionProperties) = preSolution
		HideSolutionNode = FALSE
	EndGlobalSection
	GlobalSection(NestedProjects) = preSolution
		{C6513585-A46E-4621-B26C-CAAB17A52FED} = {BE75D9BC-F87E-4FCB-B084-DB815DDA8694}
		{8565DB65-BA9D-48B9-BCD3-324DA54A4112} = {BE75D9BC-F87E-4FCB-B084-DB815DDA8694}
		{2EA585DB-201C-4065-A2CA-8AEAA9741635} = {FF7A72A8-A0FE-4C7F-B938-EEE905198229}
		{7BE813C8-7238-48EB-A1E2-0AC4E5D7EE1C} = {FF7A72A8-A0FE-4C7F-B938-EEE905198229}
	EndGlobalSection
	GlobalSection(ExtensibilityGlobals) = postSolution
		SolutionGuid = {5F05B73D-AB9C-4A85-AAC5-C6EE330D8AE4}
	EndGlobalSection
EndGlobal
