
Microsoft Visual Studio Solution File, Format Version 12.00
# Visual Studio 15
VisualStudioVersion = 15.0.28307.136
MinimumVisualStudioVersion = 10.0.40219.1
Project("{2150E333-8FDC-42A3-9474-1A3956D46DE8}") = "EntityFrameworkCore", "EntityFrameworkCore", "{FF7A72A8-A0FE-4C7F-B938-EEE905198229}"
EndProject
Project("{9A19103F-16F7-4668-BE54-9A1E7A4F7556}") = "EntityFrameworkCore.Templates", "EntityFrameworkCore.Templates\EntityFrameworkCore.Templates.csproj", "{5D22607A-61A5-436E-82A7-026E9FA519E5}"
EndProject
Project("{FAE04EC0-301F-11D3-BF4B-00C04F79EFBC}") = "EntityFrameworkCore.CodeGeneration", "EntityFrameworkCore.CodeGeneration\EntityFrameworkCore.CodeGeneration.csproj", "{F0DBFA55-C599-4AEE-BC0E-59C75496BDFF}"
EndProject
Project("{FAE04EC0-301F-11D3-BF4B-00C04F79EFBC}") = "EntityFrameworkCore.Data", "EntityFrameworkCore.Data\EntityFrameworkCore.Data.csproj", "{BF5519F3-F5DA-4027-8A74-24236B2A9F97}"
EndProject
Project("{9A19103F-16F7-4668-BE54-9A1E7A4F7556}") = "CoreCodeGeneration", "CodeGeneration\CoreCodeGeneration.csproj", "{093D9BBA-CE4D-4841-988D-BCF06E787797}"
EndProject
Global
	GlobalSection(SolutionConfigurationPlatforms) = preSolution
		Debug|Any CPU = Debug|Any CPU
		Release|Any CPU = Release|Any CPU
	EndGlobalSection
	GlobalSection(ProjectConfigurationPlatforms) = postSolution
		{5D22607A-61A5-436E-82A7-026E9FA519E5}.Debug|Any CPU.ActiveCfg = Debug|Any CPU
		{5D22607A-61A5-436E-82A7-026E9FA519E5}.Debug|Any CPU.Build.0 = Debug|Any CPU
		{5D22607A-61A5-436E-82A7-026E9FA519E5}.Release|Any CPU.ActiveCfg = Release|Any CPU
		{5D22607A-61A5-436E-82A7-026E9FA519E5}.Release|Any CPU.Build.0 = Release|Any CPU
		{F0DBFA55-C599-4AEE-BC0E-59C75496BDFF}.Debug|Any CPU.ActiveCfg = Debug|Any CPU
		{F0DBFA55-C599-4AEE-BC0E-59C75496BDFF}.Debug|Any CPU.Build.0 = Debug|Any CPU
		{F0DBFA55-C599-4AEE-BC0E-59C75496BDFF}.Release|Any CPU.ActiveCfg = Release|Any CPU
		{F0DBFA55-C599-4AEE-BC0E-59C75496BDFF}.Release|Any CPU.Build.0 = Release|Any CPU
		{BF5519F3-F5DA-4027-8A74-24236B2A9F97}.Debug|Any CPU.ActiveCfg = Debug|Any CPU
		{BF5519F3-F5DA-4027-8A74-24236B2A9F97}.Debug|Any CPU.Build.0 = Debug|Any CPU
		{BF5519F3-F5DA-4027-8A74-24236B2A9F97}.Release|Any CPU.ActiveCfg = Release|Any CPU
		{BF5519F3-F5DA-4027-8A74-24236B2A9F97}.Release|Any CPU.Build.0 = Release|Any CPU
		{093D9BBA-CE4D-4841-988D-BCF06E787797}.Debug|Any CPU.ActiveCfg = Debug|Any CPU
		{093D9BBA-CE4D-4841-988D-BCF06E787797}.Debug|Any CPU.Build.0 = Debug|Any CPU
		{093D9BBA-CE4D-4841-988D-BCF06E787797}.Release|Any CPU.ActiveCfg = Release|Any CPU
		{093D9BBA-CE4D-4841-988D-BCF06E787797}.Release|Any CPU.Build.0 = Release|Any CPU
	EndGlobalSection
	GlobalSection(SolutionProperties) = preSolution
		HideSolutionNode = FALSE
	EndGlobalSection
	GlobalSection(NestedProjects) = preSolution
		{5D22607A-61A5-436E-82A7-026E9FA519E5} = {FF7A72A8-A0FE-4C7F-B938-EEE905198229}
		{F0DBFA55-C599-4AEE-BC0E-59C75496BDFF} = {FF7A72A8-A0FE-4C7F-B938-EEE905198229}
		{BF5519F3-F5DA-4027-8A74-24236B2A9F97} = {FF7A72A8-A0FE-4C7F-B938-EEE905198229}
	EndGlobalSection
	GlobalSection(ExtensibilityGlobals) = postSolution
		SolutionGuid = {5F05B73D-AB9C-4A85-AAC5-C6EE330D8AE4}
	EndGlobalSection
EndGlobal
